
Microsoft Visual Studio Solution File, Format Version 12.00
# Visual Studio Version 16
VisualStudioVersion = 16.6.30114.105
MinimumVisualStudioVersion = 10.0.40219.1
Project("{FAE04EC0-301F-11D3-BF4B-00C04F79EFBC}") = "Domain", "src\Domain\Domain.csproj", "{503E4B26-2DDB-46CF-94D2-2426286BD065}"
EndProject
Project("{FAE04EC0-301F-11D3-BF4B-00C04F79EFBC}") = "Infrastructure", "src\Infrastructure\Infrastructure.csproj", "{7B91178C-3E15-4BDE-ACC4-315821B21E0C}"
EndProject
Project("{2150E333-8FDC-42A3-9474-1A3956D46DE8}") = "_UnitTests", "_UnitTests", "{BA1949CF-F61A-496E-93D3-FF9DAA4F5242}"
EndProject
Project("{FAE04EC0-301F-11D3-BF4B-00C04F79EFBC}") = "Domain.Test", "tests\Domain.Test\Domain.Test.csproj", "{3A080EE0-5038-42BE-95DD-6053D9EFD1A0}"
EndProject
Project("{FAE04EC0-301F-11D3-BF4B-00C04F79EFBC}") = "UI", "src\UI\UI.csproj", "{F2F4F3AD-1119-49E8-81A4-0E812F17830F}"
EndProject
Project("{FAE04EC0-301F-11D3-BF4B-00C04F79EFBC}") = "Application", "src\Application\Application.csproj", "{1D3CBA43-D26A-4119-9EFC-F84E3CBDBAA3}"
EndProject
Global
	GlobalSection(SolutionConfigurationPlatforms) = preSolution
		Debug|Any CPU = Debug|Any CPU
		Debug|x64 = Debug|x64
		Debug|x86 = Debug|x86
		Release|Any CPU = Release|Any CPU
		Release|x64 = Release|x64
		Release|x86 = Release|x86
	EndGlobalSection
	GlobalSection(SolutionProperties) = preSolution
		HideSolutionNode = FALSE
	EndGlobalSection
	GlobalSection(ProjectConfigurationPlatforms) = postSolution
		{503E4B26-2DDB-46CF-94D2-2426286BD065}.Debug|Any CPU.ActiveCfg = Debug|Any CPU
		{503E4B26-2DDB-46CF-94D2-2426286BD065}.Debug|Any CPU.Build.0 = Debug|Any CPU
		{503E4B26-2DDB-46CF-94D2-2426286BD065}.Debug|x64.ActiveCfg = Debug|Any CPU
		{503E4B26-2DDB-46CF-94D2-2426286BD065}.Debug|x64.Build.0 = Debug|Any CPU
		{503E4B26-2DDB-46CF-94D2-2426286BD065}.Debug|x86.ActiveCfg = Debug|Any CPU
		{503E4B26-2DDB-46CF-94D2-2426286BD065}.Debug|x86.Build.0 = Debug|Any CPU
		{503E4B26-2DDB-46CF-94D2-2426286BD065}.Release|Any CPU.ActiveCfg = Release|Any CPU
		{503E4B26-2DDB-46CF-94D2-2426286BD065}.Release|Any CPU.Build.0 = Release|Any CPU
		{503E4B26-2DDB-46CF-94D2-2426286BD065}.Release|x64.ActiveCfg = Release|Any CPU
		{503E4B26-2DDB-46CF-94D2-2426286BD065}.Release|x64.Build.0 = Release|Any CPU
		{503E4B26-2DDB-46CF-94D2-2426286BD065}.Release|x86.ActiveCfg = Release|Any CPU
		{503E4B26-2DDB-46CF-94D2-2426286BD065}.Release|x86.Build.0 = Release|Any CPU
		{7B91178C-3E15-4BDE-ACC4-315821B21E0C}.Debug|Any CPU.ActiveCfg = Debug|Any CPU
		{7B91178C-3E15-4BDE-ACC4-315821B21E0C}.Debug|Any CPU.Build.0 = Debug|Any CPU
		{7B91178C-3E15-4BDE-ACC4-315821B21E0C}.Debug|x64.ActiveCfg = Debug|Any CPU
		{7B91178C-3E15-4BDE-ACC4-315821B21E0C}.Debug|x64.Build.0 = Debug|Any CPU
		{7B91178C-3E15-4BDE-ACC4-315821B21E0C}.Debug|x86.ActiveCfg = Debug|Any CPU
		{7B91178C-3E15-4BDE-ACC4-315821B21E0C}.Debug|x86.Build.0 = Debug|Any CPU
		{7B91178C-3E15-4BDE-ACC4-315821B21E0C}.Release|Any CPU.ActiveCfg = Release|Any CPU
		{7B91178C-3E15-4BDE-ACC4-315821B21E0C}.Release|Any CPU.Build.0 = Release|Any CPU
		{7B91178C-3E15-4BDE-ACC4-315821B21E0C}.Release|x64.ActiveCfg = Release|Any CPU
		{7B91178C-3E15-4BDE-ACC4-315821B21E0C}.Release|x64.Build.0 = Release|Any CPU
		{7B91178C-3E15-4BDE-ACC4-315821B21E0C}.Release|x86.ActiveCfg = Release|Any CPU
		{7B91178C-3E15-4BDE-ACC4-315821B21E0C}.Release|x86.Build.0 = Release|Any CPU
		{3A080EE0-5038-42BE-95DD-6053D9EFD1A0}.Debug|Any CPU.ActiveCfg = Debug|Any CPU
		{3A080EE0-5038-42BE-95DD-6053D9EFD1A0}.Debug|Any CPU.Build.0 = Debug|Any CPU
		{3A080EE0-5038-42BE-95DD-6053D9EFD1A0}.Debug|x64.ActiveCfg = Debug|Any CPU
		{3A080EE0-5038-42BE-95DD-6053D9EFD1A0}.Debug|x64.Build.0 = Debug|Any CPU
		{3A080EE0-5038-42BE-95DD-6053D9EFD1A0}.Debug|x86.ActiveCfg = Debug|Any CPU
		{3A080EE0-5038-42BE-95DD-6053D9EFD1A0}.Debug|x86.Build.0 = Debug|Any CPU
		{3A080EE0-5038-42BE-95DD-6053D9EFD1A0}.Release|Any CPU.ActiveCfg = Release|Any CPU
		{3A080EE0-5038-42BE-95DD-6053D9EFD1A0}.Release|Any CPU.Build.0 = Release|Any CPU
		{3A080EE0-5038-42BE-95DD-6053D9EFD1A0}.Release|x64.ActiveCfg = Release|Any CPU
		{3A080EE0-5038-42BE-95DD-6053D9EFD1A0}.Release|x64.Build.0 = Release|Any CPU
		{3A080EE0-5038-42BE-95DD-6053D9EFD1A0}.Release|x86.ActiveCfg = Release|Any CPU
		{3A080EE0-5038-42BE-95DD-6053D9EFD1A0}.Release|x86.Build.0 = Release|Any CPU
		{F2F4F3AD-1119-49E8-81A4-0E812F17830F}.Debug|Any CPU.ActiveCfg = Debug|Any CPU
		{F2F4F3AD-1119-49E8-81A4-0E812F17830F}.Debug|Any CPU.Build.0 = Debug|Any CPU
		{F2F4F3AD-1119-49E8-81A4-0E812F17830F}.Debug|x64.ActiveCfg = Debug|Any CPU
		{F2F4F3AD-1119-49E8-81A4-0E812F17830F}.Debug|x64.Build.0 = Debug|Any CPU
		{F2F4F3AD-1119-49E8-81A4-0E812F17830F}.Debug|x86.ActiveCfg = Debug|Any CPU
		{F2F4F3AD-1119-49E8-81A4-0E812F17830F}.Debug|x86.Build.0 = Debug|Any CPU
		{F2F4F3AD-1119-49E8-81A4-0E812F17830F}.Release|Any CPU.ActiveCfg = Release|Any CPU
		{F2F4F3AD-1119-49E8-81A4-0E812F17830F}.Release|Any CPU.Build.0 = Release|Any CPU
		{F2F4F3AD-1119-49E8-81A4-0E812F17830F}.Release|x64.ActiveCfg = Release|Any CPU
		{F2F4F3AD-1119-49E8-81A4-0E812F17830F}.Release|x64.Build.0 = Release|Any CPU
		{F2F4F3AD-1119-49E8-81A4-0E812F17830F}.Release|x86.ActiveCfg = Release|Any CPU
		{F2F4F3AD-1119-49E8-81A4-0E812F17830F}.Release|x86.Build.0 = Release|Any CPU
		{1D3CBA43-D26A-4119-9EFC-F84E3CBDBAA3}.Debug|Any CPU.ActiveCfg = Debug|Any CPU
		{1D3CBA43-D26A-4119-9EFC-F84E3CBDBAA3}.Debug|Any CPU.Build.0 = Debug|Any CPU
		{1D3CBA43-D26A-4119-9EFC-F84E3CBDBAA3}.Debug|x64.ActiveCfg = Debug|Any CPU
		{1D3CBA43-D26A-4119-9EFC-F84E3CBDBAA3}.Debug|x64.Build.0 = Debug|Any CPU
		{1D3CBA43-D26A-4119-9EFC-F84E3CBDBAA3}.Debug|x86.ActiveCfg = Debug|Any CPU
		{1D3CBA43-D26A-4119-9EFC-F84E3CBDBAA3}.Debug|x86.Build.0 = Debug|Any CPU
		{1D3CBA43-D26A-4119-9EFC-F84E3CBDBAA3}.Release|Any CPU.ActiveCfg = Release|Any CPU
		{1D3CBA43-D26A-4119-9EFC-F84E3CBDBAA3}.Release|Any CPU.Build.0 = Release|Any CPU
		{1D3CBA43-D26A-4119-9EFC-F84E3CBDBAA3}.Release|x64.ActiveCfg = Release|Any CPU
		{1D3CBA43-D26A-4119-9EFC-F84E3CBDBAA3}.Release|x64.Build.0 = Release|Any CPU
		{1D3CBA43-D26A-4119-9EFC-F84E3CBDBAA3}.Release|x86.ActiveCfg = Release|Any CPU
		{1D3CBA43-D26A-4119-9EFC-F84E3CBDBAA3}.Release|x86.Build.0 = Release|Any CPU
	EndGlobalSection
	GlobalSection(NestedProjects) = preSolution
		{3A080EE0-5038-42BE-95DD-6053D9EFD1A0} = {BA1949CF-F61A-496E-93D3-FF9DAA4F5242}
	EndGlobalSection
EndGlobal
